<?xml version="1.0" encoding="utf-8"?>
<Project ToolsVersion="4.0" xmlns="http://schemas.microsoft.com/developer/msbuild/2003">
  <ItemGroup>
    <Filter Include="source">
      <UniqueIdentifier>{4FC737F1-C7A5-4376-A066-2A32D752A2FF}</UniqueIdentifier>
      <Extensions>cpp;c;cc;cxx;def;odl;idl;hpj;bat;asm;asmx</Extensions>
    </Filter>
    <Filter Include="resource">
      <UniqueIdentifier>{67DA6AB6-F800-4c08-8B7A-83BB121AAD01}</UniqueIdentifier>
      <Extensions>rc;ico;cur;bmp;dlg;rc2;rct;bin;rgs;gif;jpg;jpeg;jpe;resx;tiff;tif;png;wav;mfcribbon-ms</Extensions>
    </Filter>
  </ItemGroup>
  <ItemGroup>
    <ClCompile Include="main.cpp">
      <Filter>source</Filter>
    </ClCompile>
    <ClCompile Include="soapC.cpp">
      <Filter>source</Filter>
    </ClCompile>
    <ClCompile Include="stdsoap2.cpp">
      <Filter>source</Filter>
    </ClCompile>
    <ClCompile Include="soapBFCPServiceService.cpp">
      <Filter>source</Filter>
    </ClCompile>
    <ClCompile Include="basename.cpp">
      <Filter>source</Filter>
    </ClCompile>
    <ClCompile Include="BfcpService.cpp">
      <Filter>source</Filter>
    </ClCompile>
  </ItemGroup>
  <ItemGroup>
    <ClInclude Include="stdsoap2.h">
      <Filter>source</Filter>
    </ClInclude>
    <ClInclude Include="server.h">
      <Filter>source</Filter>
    </ClInclude>
    <ClInclude Include="soapBFCPServiceService.h">
      <Filter>source</Filter>
    </ClInclude>
    <ClInclude Include="soapH.h">
      <Filter>source</Filter>
    </ClInclude>
    <ClInclude Include="soapStub.h">
      <Filter>source</Filter>
    </ClInclude>
    <ClInclude Include="BfcpService.h">
      <Filter>source</Filter>
    </ClInclude>
  </ItemGroup>
  <ItemGroup>
    <None Include="BFCPService.nsmap">
      <Filter>source</Filter>
    </None>
  </ItemGroup>
</Project>