<?xml version="1.0" encoding="utf-8"?>
<Project ToolsVersion="4.0" xmlns="http://schemas.microsoft.com/developer/msbuild/2003">
  <ItemGroup>
    <Filter Include="common">
      <UniqueIdentifier>{93995380-89BD-4b04-88EB-625FBE52EBFB}</UniqueIdentifier>
      <Extensions>h;hpp;hxx;hm;inl;inc;xsd</Extensions>
    </Filter>
    <Filter Include="src">
      <UniqueIdentifier>{4FC737F1-C7A5-4376-A066-2A32D752A2FF}</UniqueIdentifier>
      <Extensions>cpp;c;cc;cxx;def;odl;idl;hpj;bat;asm;asmx</Extensions>
    </Filter>
    <Filter Include="resource">
      <UniqueIdentifier>{67DA6AB6-F800-4c08-8B7A-83BB121AAD01}</UniqueIdentifier>
      <Extensions>rc;ico;cur;bmp;dlg;rc2;rct;bin;rgs;gif;jpg;jpeg;jpe;resx;tiff;tif;png;wav;mfcribbon-ms</Extensions>
    </Filter>
    <Filter Include="common\utility">
      <UniqueIdentifier>{27610fce-daec-4977-98ab-2c7bf67ab10b}</UniqueIdentifier>
    </Filter>
  </ItemGroup>
  <ItemGroup>
    <ClCompile Include="main.cpp">
      <Filter>src</Filter>
    </ClCompile>
    <ClCompile Include="..\common\bfcp_conn.cpp">
      <Filter>common</Filter>
    </ClCompile>
    <ClCompile Include="..\common\bfcp_ctrans.cpp">
      <Filter>common</Filter>
    </ClCompile>
    <ClCompile Include="bfcp_server.cpp">
      <Filter>src</Filter>
    </ClCompile>
    <ClCompile Include="..\common\bfcp_msg_builder.cpp">
      <Filter>common</Filter>
    </ClCompile>
    <ClCompile Include="..\common\bfcp_msg.cpp">
      <Filter>common</Filter>
    </ClCompile>
    <ClCompile Include="..\common\bfcp_attr.cpp">
      <Filter>common</Filter>
    </ClCompile>
  </ItemGroup>
  <ItemGroup>
    <ClInclude Include="..\common\bfcp_conn.h">
      <Filter>common</Filter>
    </ClInclude>
    <ClInclude Include="..\common\bfcp_ctrans.h">
      <Filter>common</Filter>
    </ClInclude>
    <ClInclude Include="bfcp_server.h">
      <Filter>src</Filter>
    </ClInclude>
    <ClInclude Include="..\common\bfcp_buf_pool.h">
      <Filter>common</Filter>
    </ClInclude>
    <ClInclude Include="..\common\bfcp_callbacks.h">
      <Filter>common</Filter>
    </ClInclude>
    <ClInclude Include="..\common\bfcp_msg_builder.h">
      <Filter>common</Filter>
    </ClInclude>
    <ClInclude Include="..\common\bfcp_msg.h">
      <Filter>common</Filter>
    </ClInclude>
    <ClInclude Include="..\common\bfcp_ex.h">
      <Filter>common</Filter>
    </ClInclude>
    <ClInclude Include="..\common\utility\MemoryPool.h">
      <Filter>common\utility</Filter>
    </ClInclude>
    <ClInclude Include="..\common\utility\MemoryPool.hpp">
      <Filter>common\utility</Filter>
    </ClInclude>
    <ClInclude Include="..\common\bfcp_attr.h">
      <Filter>common</Filter>
    </ClInclude>
  </ItemGroup>
</Project>